// !$*UTF8*$!
{
	archiveVersion = 1;
	classes = {
	};
	objectVersion = 50;
	objects = {

/* Begin PBXBuildFile section */
		DC04261523922115005BFB7B /* AppDelegate.swift in Sources */ = {isa = PBXBuildFile; fileRef = DC04261423922115005BFB7B /* AppDelegate.swift */; };
		DC04261923922115005BFB7B /* MasterViewController.swift in Sources */ = {isa = PBXBuildFile; fileRef = DC04261823922115005BFB7B /* MasterViewController.swift */; };
		DC04261C23922115005BFB7B /* Main.storyboard in Resources */ = {isa = PBXBuildFile; fileRef = DC04261A23922115005BFB7B /* Main.storyboard */; };
		DC04261E23922117005BFB7B /* Assets.xcassets in Resources */ = {isa = PBXBuildFile; fileRef = DC04261D23922117005BFB7B /* Assets.xcassets */; };
		DC04262123922117005BFB7B /* LaunchScreen.storyboard in Resources */ = {isa = PBXBuildFile; fileRef = DC04261F23922117005BFB7B /* LaunchScreen.storyboard */; };
		DC042629239223BD005BFB7B /* Observable.swift in Sources */ = {isa = PBXBuildFile; fileRef = DC042628239223BD005BFB7B /* Observable.swift */; };
		DC04262B23922538005BFB7B /* Bindable.swift in Sources */ = {isa = PBXBuildFile; fileRef = DC04262A23922538005BFB7B /* Bindable.swift */; };
		DCE2D5E4239240C200E17E23 /* UIControlls+Bindable.swift in Sources */ = {isa = PBXBuildFile; fileRef = DCE2D5E3239240C200E17E23 /* UIControlls+Bindable.swift */; };
		DCE2D5E82392416000E17E23 /* BlockBasedSelector.m in Sources */ = {isa = PBXBuildFile; fileRef = DCE2D5E72392416000E17E23 /* BlockBasedSelector.m */; };
		DCE2D5EA2392421100E17E23 /* BlockBasedSelector.swift in Sources */ = {isa = PBXBuildFile; fileRef = DCE2D5E92392421100E17E23 /* BlockBasedSelector.swift */; };
		DCE2D5EC2392438400E17E23 /* ViewModel.swift in Sources */ = {isa = PBXBuildFile; fileRef = DCE2D5EB2392438400E17E23 /* ViewModel.swift */; };
		DCE2D5EE2392470200E17E23 /* DetailViewController.swift in Sources */ = {isa = PBXBuildFile; fileRef = DCE2D5ED2392470200E17E23 /* DetailViewController.swift */; };
/* End PBXBuildFile section */

/* Begin PBXFileReference section */
		DC04261123922115005BFB7B /* GenericDataBinding.app */ = {isa = PBXFileReference; explicitFileType = wrapper.application; includeInIndex = 0; path = GenericDataBinding.app; sourceTree = BUILT_PRODUCTS_DIR; };
		DC04261423922115005BFB7B /* AppDelegate.swift */ = {isa = PBXFileReference; lastKnownFileType = sourcecode.swift; path = AppDelegate.swift; sourceTree = "<group>"; };
		DC04261823922115005BFB7B /* MasterViewController.swift */ = {isa = PBXFileReference; lastKnownFileType = sourcecode.swift; path = MasterViewController.swift; sourceTree = "<group>"; };
		DC04261B23922115005BFB7B /* Base */ = {isa = PBXFileReference; lastKnownFileType = file.storyboard; name = Base; path = Base.lproj/Main.storyboard; sourceTree = "<group>"; };
		DC04261D23922117005BFB7B /* Assets.xcassets */ = {isa = PBXFileReference; lastKnownFileType = folder.assetcatalog; path = Assets.xcassets; sourceTree = "<group>"; };
		DC04262023922117005BFB7B /* Base */ = {isa = PBXFileReference; lastKnownFileType = file.storyboard; name = Base; path = Base.lproj/LaunchScreen.storyboard; sourceTree = "<group>"; };
		DC04262223922117005BFB7B /* Info.plist */ = {isa = PBXFileReference; lastKnownFileType = text.plist.xml; path = Info.plist; sourceTree = "<group>"; };
		DC042628239223BD005BFB7B /* Observable.swift */ = {isa = PBXFileReference; lastKnownFileType = sourcecode.swift; path = Observable.swift; sourceTree = "<group>"; };
		DC04262A23922538005BFB7B /* Bindable.swift */ = {isa = PBXFileReference; lastKnownFileType = sourcecode.swift; path = Bindable.swift; sourceTree = "<group>"; };
		DCE2D5E3239240C200E17E23 /* UIControlls+Bindable.swift */ = {isa = PBXFileReference; lastKnownFileType = sourcecode.swift; path = "UIControlls+Bindable.swift"; sourceTree = "<group>"; };
		DCE2D5E52392416000E17E23 /* GenericDataBinding-Bridging-Header.h */ = {isa = PBXFileReference; lastKnownFileType = sourcecode.c.h; path = "GenericDataBinding-Bridging-Header.h"; sourceTree = "<group>"; };
		DCE2D5E62392416000E17E23 /* BlockBasedSelector.h */ = {isa = PBXFileReference; lastKnownFileType = sourcecode.c.h; path = BlockBasedSelector.h; sourceTree = "<group>"; };
		DCE2D5E72392416000E17E23 /* BlockBasedSelector.m */ = {isa = PBXFileReference; lastKnownFileType = sourcecode.c.objc; path = BlockBasedSelector.m; sourceTree = "<group>"; };
		DCE2D5E92392421100E17E23 /* BlockBasedSelector.swift */ = {isa = PBXFileReference; lastKnownFileType = sourcecode.swift; path = BlockBasedSelector.swift; sourceTree = "<group>"; };
		DCE2D5EB2392438400E17E23 /* ViewModel.swift */ = {isa = PBXFileReference; lastKnownFileType = sourcecode.swift; path = ViewModel.swift; sourceTree = "<group>"; };
		DCE2D5ED2392470200E17E23 /* DetailViewController.swift */ = {isa = PBXFileReference; fileEncoding = 4; lastKnownFileType = sourcecode.swift; path = DetailViewController.swift; sourceTree = "<group>"; };
/* End PBXFileReference section */

/* Begin PBXFrameworksBuildPhase section */
		DC04260E23922115005BFB7B /* Frameworks */ = {
			isa = PBXFrameworksBuildPhase;
			buildActionMask = 2147483647;
			files = (
			);
			runOnlyForDeploymentPostprocessing = 0;
		};
/* End PBXFrameworksBuildPhase section */

/* Begin PBXGroup section */
		DC04260823922115005BFB7B = {
			isa = PBXGroup;
			children = (
				DC04261323922115005BFB7B /* GenericDataBinding */,
				DC04261223922115005BFB7B /* Products */,
			);
			sourceTree = "<group>";
		};
		DC04261223922115005BFB7B /* Products */ = {
			isa = PBXGroup;
			children = (
				DC04261123922115005BFB7B /* GenericDataBinding.app */,
			);
			name = Products;
			sourceTree = "<group>";
		};
		DC04261323922115005BFB7B /* GenericDataBinding */ = {
			isa = PBXGroup;
			children = (
				DC04261423922115005BFB7B /* AppDelegate.swift */,
				DCE2D5F12392482900E17E23 /* ViewModel */,
				DCE2D5F02392481100E17E23 /* DataBinding */,
				DCE2D5EF239247FA00E17E23 /* Contollers */,
				DC04261A23922115005BFB7B /* Main.storyboard */,
				DC04261D23922117005BFB7B /* Assets.xcassets */,
				DC04261F23922117005BFB7B /* LaunchScreen.storyboard */,
				DCE2D5E52392416000E17E23 /* GenericDataBinding-Bridging-Header.h */,
				DC04262223922117005BFB7B /* Info.plist */,
			);
			path = GenericDataBinding;
			sourceTree = "<group>";
		};
		DCE2D5EF239247FA00E17E23 /* Contollers */ = {
			isa = PBXGroup;
			children = (
				DC04261823922115005BFB7B /* MasterViewController.swift */,
				DCE2D5ED2392470200E17E23 /* DetailViewController.swift */,
			);
			path = Contollers;
			sourceTree = "<group>";
		};
		DCE2D5F02392481100E17E23 /* DataBinding */ = {
			isa = PBXGroup;
			children = (
				DC042628239223BD005BFB7B /* Observable.swift */,
				DC04262A23922538005BFB7B /* Bindable.swift */,
				DCE2D5E3239240C200E17E23 /* UIControlls+Bindable.swift */,
				DCE2D5E62392416000E17E23 /* BlockBasedSelector.h */,
				DCE2D5E72392416000E17E23 /* BlockBasedSelector.m */,
				DCE2D5E92392421100E17E23 /* BlockBasedSelector.swift */,
			);
			path = DataBinding;
			sourceTree = "<group>";
		};
		DCE2D5F12392482900E17E23 /* ViewModel */ = {
			isa = PBXGroup;
			children = (
				DCE2D5EB2392438400E17E23 /* ViewModel.swift */,
			);
			path = ViewModel;
			sourceTree = "<group>";
		};
/* End PBXGroup section */

/* Begin PBXNativeTarget section */
		DC04261023922115005BFB7B /* GenericDataBinding */ = {
			isa = PBXNativeTarget;
			buildConfigurationList = DC04262523922117005BFB7B /* Build configuration list for PBXNativeTarget "GenericDataBinding" */;
			buildPhases = (
				DC04260D23922115005BFB7B /* Sources */,
				DC04260E23922115005BFB7B /* Frameworks */,
				DC04260F23922115005BFB7B /* Resources */,
			);
			buildRules = (
			);
			dependencies = (
			);
			name = GenericDataBinding;
			productName = GenericDataBinding;
			productReference = DC04261123922115005BFB7B /* GenericDataBinding.app */;
			productType = "com.apple.product-type.application";
		};
/* End PBXNativeTarget section */

/* Begin PBXProject section */
		DC04260923922115005BFB7B /* Project object */ = {
			isa = PBXProject;
			attributes = {
				LastSwiftUpdateCheck = 1120;
				LastUpgradeCheck = 1120;
				ORGANIZATIONNAME = Jamil;
				TargetAttributes = {
					DC04261023922115005BFB7B = {
						CreatedOnToolsVersion = 11.2;
						LastSwiftMigration = 1120;
					};
				};
			};
			buildConfigurationList = DC04260C23922115005BFB7B /* Build configuration list for PBXProject "GenericDataBinding" */;
			compatibilityVersion = "Xcode 9.3";
			developmentRegion = en;
			hasScannedForEncodings = 0;
			knownRegions = (
				en,
				Base,
			);
			mainGroup = DC04260823922115005BFB7B;
			productRefGroup = DC04261223922115005BFB7B /* Products */;
			projectDirPath = "";
			projectRoot = "";
			targets = (
				DC04261023922115005BFB7B /* GenericDataBinding */,
			);
		};
/* End PBXProject section */

/* Begin PBXResourcesBuildPhase section */
		DC04260F23922115005BFB7B /* Resources */ = {
			isa = PBXResourcesBuildPhase;
			buildActionMask = 2147483647;
			files = (
				DC04262123922117005BFB7B /* LaunchScreen.storyboard in Resources */,
				DC04261E23922117005BFB7B /* Assets.xcassets in Resources */,
				DC04261C23922115005BFB7B /* Main.storyboard in Resources */,
			);
			runOnlyForDeploymentPostprocessing = 0;
		};
/* End PBXResourcesBuildPhase section */

/* Begin PBXSourcesBuildPhase section */
		DC04260D23922115005BFB7B /* Sources */ = {
			isa = PBXSourcesBuildPhase;
			buildActionMask = 2147483647;
			files = (
				DCE2D5EE2392470200E17E23 /* DetailViewController.swift in Sources */,
				DCE2D5EA2392421100E17E23 /* BlockBasedSelector.swift in Sources */,
				DCE2D5E82392416000E17E23 /* BlockBasedSelector.m in Sources */,
				DC04261923922115005BFB7B /* MasterViewController.swift in Sources */,
				DC042629239223BD005BFB7B /* Observable.swift in Sources */,
				DCE2D5E4239240C200E17E23 /* UIControlls+Bindable.swift in Sources */,
				DC04262B23922538005BFB7B /* Bindable.swift in Sources */,
				DCE2D5EC2392438400E17E23 /* ViewModel.swift in Sources */,
				DC04261523922115005BFB7B /* AppDelegate.swift in Sources */,
			);
			runOnlyForDeploymentPostprocessing = 0;
		};
/* End PBXSourcesBuildPhase section */

/* Begin PBXVariantGroup section */
		DC04261A23922115005BFB7B /* Main.storyboard */ = {
			isa = PBXVariantGroup;
			children = (
				DC04261B23922115005BFB7B /* Base */,
			);
			name = Main.storyboard;
			sourceTree = "<group>";
		};
		DC04261F23922117005BFB7B /* LaunchScreen.storyboard */ = {
			isa = PBXVariantGroup;
			children = (
				DC04262023922117005BFB7B /* Base */,
			);
			name = LaunchScreen.storyboard;
			sourceTree = "<group>";
		};
/* End PBXVariantGroup section */

/* Begin XCBuildConfiguration section */
		DC04262323922117005BFB7B /* Debug */ = {
			isa = XCBuildConfiguration;
			buildSettings = {
				ALWAYS_SEARCH_USER_PATHS = NO;
				CLANG_ANALYZER_NONNULL = YES;
				CLANG_ANALYZER_NUMBER_OBJECT_CONVERSION = YES_AGGRESSIVE;
				CLANG_CXX_LANGUAGE_STANDARD = "gnu++14";
				CLANG_CXX_LIBRARY = "libc++";
				CLANG_ENABLE_MODULES = YES;
				CLANG_ENABLE_OBJC_ARC = YES;
				CLANG_ENABLE_OBJC_WEAK = YES;
				CLANG_WARN_BLOCK_CAPTURE_AUTORELEASING = YES;
				CLANG_WARN_BOOL_CONVERSION = YES;
				CLANG_WARN_COMMA = YES;
				CLANG_WARN_CONSTANT_CONVERSION = YES;
				CLANG_WARN_DEPRECATED_OBJC_IMPLEMENTATIONS = YES;
				CLANG_WARN_DIRECT_OBJC_ISA_USAGE = YES_ERROR;
				CLANG_WARN_DOCUMENTATION_COMMENTS = YES;
				CLANG_WARN_EMPTY_BODY = YES;
				CLANG_WARN_ENUM_CONVERSION = YES;
				CLANG_WARN_INFINITE_RECURSION = YES;
				CLANG_WARN_INT_CONVERSION = YES;
				CLANG_WARN_NON_LITERAL_NULL_CONVERSION = YES;
				CLANG_WARN_OBJC_IMPLICIT_RETAIN_SELF = YES;
				CLANG_WARN_OBJC_LITERAL_CONVERSION = YES;
				CLANG_WARN_OBJC_ROOT_CLASS = YES_ERROR;
				CLANG_WARN_RANGE_LOOP_ANALYSIS = YES;
				CLANG_WARN_STRICT_PROTOTYPES = YES;
				CLANG_WARN_SUSPICIOUS_MOVE = YES;
				CLANG_WARN_UNGUARDED_AVAILABILITY = YES_AGGRESSIVE;
				CLANG_WARN_UNREACHABLE_CODE = YES;
				CLANG_WARN__DUPLICATE_METHOD_MATCH = YES;
				COPY_PHASE_STRIP = NO;
				DEBUG_INFORMATION_FORMAT = dwarf;
				ENABLE_STRICT_OBJC_MSGSEND = YES;
				ENABLE_TESTABILITY = YES;
				GCC_C_LANGUAGE_STANDARD = gnu11;
				GCC_DYNAMIC_NO_PIC = NO;
				GCC_NO_COMMON_BLOCKS = YES;
				GCC_OPTIMIZATION_LEVEL = 0;
				GCC_PREPROCESSOR_DEFINITIONS = (
					"DEBUG=1",
					"$(inherited)",
				);
				GCC_WARN_64_TO_32_BIT_CONVERSION = YES;
				GCC_WARN_ABOUT_RETURN_TYPE = YES_ERROR;
				GCC_WARN_UNDECLARED_SELECTOR = YES;
				GCC_WARN_UNINITIALIZED_AUTOS = YES_AGGRESSIVE;
				GCC_WARN_UNUSED_FUNCTION = YES;
				GCC_WARN_UNUSED_VARIABLE = YES;
				IPHONEOS_DEPLOYMENT_TARGET = 13.2;
				MTL_ENABLE_DEBUG_INFO = INCLUDE_SOURCE;
				MTL_FAST_MATH = YES;
				ONLY_ACTIVE_ARCH = YES;
				SDKROOT = iphoneos;
				SWIFT_ACTIVE_COMPILATION_CONDITIONS = DEBUG;
				SWIFT_OPTIMIZATION_LEVEL = "-Onone";
			};
			name = Debug;
		};
		DC04262423922117005BFB7B /* Release */ = {
			isa = XCBuildConfiguration;
			buildSettings = {
				ALWAYS_SEARCH_USER_PATHS = NO;
				CLANG_ANALYZER_NONNULL = YES;
				CLANG_ANALYZER_NUMBER_OBJECT_CONVERSION = YES_AGGRESSIVE;
				CLANG_CXX_LANGUAGE_STANDARD = "gnu++14";
				CLANG_CXX_LIBRARY = "libc++";
				CLANG_ENABLE_MODULES = YES;
				CLANG_ENABLE_OBJC_ARC = YES;
				CLANG_ENABLE_OBJC_WEAK = YES;
				CLANG_WARN_BLOCK_CAPTURE_AUTORELEASING = YES;
				CLANG_WARN_BOOL_CONVERSION = YES;
				CLANG_WARN_COMMA = YES;
				CLANG_WARN_CONSTANT_CONVERSION = YES;
				CLANG_WARN_DEPRECATED_OBJC_IMPLEMENTATIONS = YES;
				CLANG_WARN_DIRECT_OBJC_ISA_USAGE = YES_ERROR;
				CLANG_WARN_DOCUMENTATION_COMMENTS = YES;
				CLANG_WARN_EMPTY_BODY = YES;
				CLANG_WARN_ENUM_CONVERSION = YES;
				CLANG_WARN_INFINITE_RECURSION = YES;
				CLANG_WARN_INT_CONVERSION = YES;
				CLANG_WARN_NON_LITERAL_NULL_CONVERSION = YES;
				CLANG_WARN_OBJC_IMPLICIT_RETAIN_SELF = YES;
				CLANG_WARN_OBJC_LITERAL_CONVERSION = YES;
				CLANG_WARN_OBJC_ROOT_CLASS = YES_ERROR;
				CLANG_WARN_RANGE_LOOP_ANALYSIS = YES;
				CLANG_WARN_STRICT_PROTOTYPES = YES;
				CLANG_WARN_SUSPICIOUS_MOVE = YES;
				CLANG_WARN_UNGUARDED_AVAILABILITY = YES_AGGRESSIVE;
				CLANG_WARN_UNREACHABLE_CODE = YES;
				CLANG_WARN__DUPLICATE_METHOD_MATCH = YES;
				COPY_PHASE_STRIP = NO;
				DEBUG_INFORMATION_FORMAT = "dwarf-with-dsym";
				ENABLE_NS_ASSERTIONS = NO;
				ENABLE_STRICT_OBJC_MSGSEND = YES;
				GCC_C_LANGUAGE_STANDARD = gnu11;
				GCC_NO_COMMON_BLOCKS = YES;
				GCC_WARN_64_TO_32_BIT_CONVERSION = YES;
				GCC_WARN_ABOUT_RETURN_TYPE = YES_ERROR;
				GCC_WARN_UNDECLARED_SELECTOR = YES;
				GCC_WARN_UNINITIALIZED_AUTOS = YES_AGGRESSIVE;
				GCC_WARN_UNUSED_FUNCTION = YES;
				GCC_WARN_UNUSED_VARIABLE = YES;
				IPHONEOS_DEPLOYMENT_TARGET = 13.2;
				MTL_ENABLE_DEBUG_INFO = NO;
				MTL_FAST_MATH = YES;
				SDKROOT = iphoneos;
				SWIFT_COMPILATION_MODE = wholemodule;
				SWIFT_OPTIMIZATION_LEVEL = "-O";
				VALIDATE_PRODUCT = YES;
			};
			name = Release;
		};
		DC04262623922117005BFB7B /* Debug */ = {
			isa = XCBuildConfiguration;
			buildSettings = {
				ASSETCATALOG_COMPILER_APPICON_NAME = AppIcon;
				CLANG_ENABLE_MODULES = YES;
				CODE_SIGN_STYLE = Automatic;
				INFOPLIST_FILE = GenericDataBinding/Info.plist;
				LD_RUNPATH_SEARCH_PATHS = (
					"$(inherited)",
					"@executable_path/Frameworks",
				);
				PRODUCT_BUNDLE_IDENTIFIER = Jamil.GenericDataBinding;
				PRODUCT_NAME = "$(TARGET_NAME)";
				SWIFT_OBJC_BRIDGING_HEADER = "GenericDataBinding/GenericDataBinding-Bridging-Header.h";
				SWIFT_OPTIMIZATION_LEVEL = "-Onone";
				SWIFT_VERSION = 5.0;
				TARGETED_DEVICE_FAMILY = "1,2";
			};
			name = Debug;
		};
		DC04262723922117005BFB7B /* Release */ = {
			isa = XCBuildConfiguration;
			buildSettings = {
				ASSETCATALOG_COMPILER_APPICON_NAME = AppIcon;
				CLANG_ENABLE_MODULES = YES;
				CODE_SIGN_STYLE = Automatic;
				INFOPLIST_FILE = GenericDataBinding/Info.plist;
				LD_RUNPATH_SEARCH_PATHS = (
					"$(inherited)",
					"@executable_path/Frameworks",
				);
				PRODUCT_BUNDLE_IDENTIFIER = Jamil.GenericDataBinding;
				PRODUCT_NAME = "$(TARGET_NAME)";
				SWIFT_OBJC_BRIDGING_HEADER = "GenericDataBinding/GenericDataBinding-Bridging-Header.h";
				SWIFT_VERSION = 5.0;
				TARGETED_DEVICE_FAMILY = "1,2";
			};
			name = Release;
		};
/* End XCBuildConfiguration section */

/* Begin XCConfigurationList section */
		DC04260C23922115005BFB7B /* Build configuration list for PBXProject "GenericDataBinding" */ = {
			isa = XCConfigurationList;
			buildConfigurations = (
				DC04262323922117005BFB7B /* Debug */,
				DC04262423922117005BFB7B /* Release */,
			);
			defaultConfigurationIsVisible = 0;
			defaultConfigurationName = Release;
		};
		DC04262523922117005BFB7B /* Build configuration list for PBXNativeTarget "GenericDataBinding" */ = {
			isa = XCConfigurationList;
			buildConfigurations = (
				DC04262623922117005BFB7B /* Debug */,
				DC04262723922117005BFB7B /* Release */,
			);
			defaultConfigurationIsVisible = 0;
			defaultConfigurationName = Release;
		};
/* End XCConfigurationList section */
	};
	rootObject = DC04260923922115005BFB7B /* Project object */;
}
